// !$*UTF8*$!
{
	archiveVersion = 1;
	classes = {
	};
	objectVersion = 46;
	objects = {

/* Begin PBXBuildFile section */
		CD7DCDB61CA2265F00284897 /* AppDelegate.swift in Sources */ = {isa = PBXBuildFile; fileRef = CD7DCDB51CA2265F00284897 /* AppDelegate.swift */; };
		CD7DCDB81CA2265F00284897 /* ViewController.swift in Sources */ = {isa = PBXBuildFile; fileRef = CD7DCDB71CA2265F00284897 /* ViewController.swift */; };
		CD7DCDBB1CA2265F00284897 /* Main.storyboard in Resources */ = {isa = PBXBuildFile; fileRef = CD7DCDB91CA2265F00284897 /* Main.storyboard */; };
		CD7DCDBD1CA2265F00284897 /* Assets.xcassets in Resources */ = {isa = PBXBuildFile; fileRef = CD7DCDBC1CA2265F00284897 /* Assets.xcassets */; };
		CD7DCDC01CA2265F00284897 /* LaunchScreen.storyboard in Resources */ = {isa = PBXBuildFile; fileRef = CD7DCDBE1CA2265F00284897 /* LaunchScreen.storyboard */; };
/* End PBXBuildFile section */

/* Begin PBXFileReference section */
		CD7DCDB21CA2265F00284897 /* NoteApp.app */ = {isa = PBXFileReference; explicitFileType = wrapper.application; includeInIndex = 0; path = NoteApp.app; sourceTree = BUILT_PRODUCTS_DIR; };
		CD7DCDB51CA2265F00284897 /* AppDelegate.swift */ = {isa = PBXFileReference; lastKnownFileType = sourcecode.swift; path = AppDelegate.swift; sourceTree = "<group>"; };
		CD7DCDB71CA2265F00284897 /* ViewController.swift */ = {isa = PBXFileReference; lastKnownFileType = sourcecode.swift; path = ViewController.swift; sourceTree = "<group>"; };
		CD7DCDBA1CA2265F00284897 /* Base */ = {isa = PBXFileReference; lastKnownFileType = file.storyboard; name = Base; path = Base.lproj/Main.storyboard; sourceTree = "<group>"; };
		CD7DCDBC1CA2265F00284897 /* Assets.xcassets */ = {isa = PBXFileReference; lastKnownFileType = folder.assetcatalog; path = Assets.xcassets; sourceTree = "<group>"; };
		CD7DCDBF1CA2265F00284897 /* Base */ = {isa = PBXFileReference; lastKnownFileType = file.storyboard; name = Base; path = Base.lproj/LaunchScreen.storyboard; sourceTree = "<group>"; };
		CD7DCDC11CA2265F00284897 /* Info.plist */ = {isa = PBXFileReference; lastKnownFileType = text.plist.xml; path = Info.plist; sourceTree = "<group>"; };
/* End PBXFileReference section */

/* Begin PBXFrameworksBuildPhase section */
		CD7DCDAF1CA2265F00284897 /* Frameworks */ = {
			isa = PBXFrameworksBuildPhase;
			buildActionMask = 2147483647;
			files = (
			);
			runOnlyForDeploymentPostprocessing = 0;
		};
/* End PBXFrameworksBuildPhase section */

/* Begin PBXGroup section */
		CD7DCDA91CA2265F00284897 = {
			isa = PBXGroup;
			children = (
				CD7DCDB41CA2265F00284897 /* NoteApp */,
				CD7DCDB31CA2265F00284897 /* Products */,
			);
			sourceTree = "<group>";
		};
		CD7DCDB31CA2265F00284897 /* Products */ = {
			isa = PBXGroup;
			children = (
				CD7DCDB21CA2265F00284897 /* NoteApp.app */,
			);
			name = Products;
			sourceTree = "<group>";
		};
		CD7DCDB41CA2265F00284897 /* NoteApp */ = {
			isa = PBXGroup;
			children = (
				CD7DCDB51CA2265F00284897 /* AppDelegate.swift */,
				CD7DCDB71CA2265F00284897 /* ViewController.swift */,
				CD7DCDB91CA2265F00284897 /* Main.storyboard */,
				CD7DCDBC1CA2265F00284897 /* Assets.xcassets */,
				CD7DCDBE1CA2265F00284897 /* LaunchScreen.storyboard */,
				CD7DCDC11CA2265F00284897 /* Info.plist */,
			);
			path = NoteApp;
			sourceTree = "<group>";
		};
/* End PBXGroup section */

/* Begin PBXNativeTarget section */
		CD7DCDB11CA2265F00284897 /* NoteApp */ = {
			isa = PBXNativeTarget;
			buildConfigurationList = CD7DCDC41CA2265F00284897 /* Build configuration list for PBXNativeTarget "NoteApp" */;
			buildPhases = (
				CD7DCDAE1CA2265F00284897 /* Sources */,
				CD7DCDAF1CA2265F00284897 /* Frameworks */,
				CD7DCDB01CA2265F00284897 /* Resources */,
			);
			buildRules = (
			);
			dependencies = (
			);
			name = NoteApp;
			productName = NoteApp;
			productReference = CD7DCDB21CA2265F00284897 /* NoteApp.app */;
			productType = "com.apple.product-type.application";
		};
/* End PBXNativeTarget section */

/* Begin PBXProject section */
		CD7DCDAA1CA2265F00284897 /* Project object */ = {
			isa = PBXProject;
			attributes = {
				LastSwiftUpdateCheck = 0730;
				LastUpgradeCheck = 0730;
				ORGANIZATIONNAME = sample;
				TargetAttributes = {
					CD7DCDB11CA2265F00284897 = {
						CreatedOnToolsVersion = 7.3;
					};
				};
			};
			buildConfigurationList = CD7DCDAD1CA2265F00284897 /* Build configuration list for PBXProject "NoteApp" */;
			compatibilityVersion = "Xcode 3.2";
			developmentRegion = English;
			hasScannedForEncodings = 0;
			knownRegions = (
				en,
				Base,
			);
			mainGroup = CD7DCDA91CA2265F00284897;
			productRefGroup = CD7DCDB31CA2265F00284897 /* Products */;
			projectDirPath = "";
			projectRoot = "";
			targets = (
				CD7DCDB11CA2265F00284897 /* NoteApp */,
			);
		};
/* End PBXProject section */

/* Begin PBXResourcesBuildPhase section */
		CD7DCDB01CA2265F00284897 /* Resources */ = {
			isa = PBXResourcesBuildPhase;
			buildActionMask = 2147483647;
			files = (
				CD7DCDC01CA2265F00284897 /* LaunchScreen.storyboard in Resources */,
				CD7DCDBD1CA2265F00284897 /* Assets.xcassets in Resources */,
				CD7DCDBB1CA2265F00284897 /* Main.storyboard in Resources */,
			);
			runOnlyForDeploymentPostprocessing = 0;
		};
/* End PBXResourcesBuildPhase section */

/* Begin PBXSourcesBuildPhase section */
		CD7DCDAE1CA2265F00284897 /* Sources */ = {
			isa = PBXSourcesBuildPhase;
			buildActionMask = 2147483647;
			files = (
				CD7DCDB81CA2265F00284897 /* ViewController.swift in Sources */,
				CD7DCDB61CA2265F00284897 /* AppDelegate.swift in Sources */,
			);
			runOnlyForDeploymentPostprocessing = 0;
		};
/* End PBXSourcesBuildPhase section */

/* Begin PBXVariantGroup section */
		CD7DCDB91CA2265F00284897 /* Main.storyboard */ = {
			isa = PBXVariantGroup;
			children = (
				CD7DCDBA1CA2265F00284897 /* Base */,
			);
			name = Main.storyboard;
			sourceTree = "<group>";
		};
		CD7DCDBE1CA2265F00284897 /* LaunchScreen.storyboard */ = {
			isa = PBXVariantGroup;
			children = (
				CD7DCDBF1CA2265F00284897 /* Base */,
			);
			name = LaunchScreen.storyboard;
			sourceTree = "<group>";
		};
/* End PBXVariantGroup section */

/* Begin XCBuildConfiguration section */
		CD7DCDC21CA2265F00284897 /* Debug */ = {
			isa = XCBuildConfiguration;
			buildSettings = {
				ALWAYS_SEARCH_USER_PATHS = NO;
				CLANG_ANALYZER_NONNULL = YES;
				CLANG_CXX_LANGUAGE_STANDARD = "gnu++0x";
				CLANG_CXX_LIBRARY = "libc++";
				CLANG_ENABLE_MODULES = YES;
				CLANG_ENABLE_OBJC_ARC = YES;
				CLANG_WARN_BOOL_CONVERSION = YES;
				CLANG_WARN_CONSTANT_CONVERSION = YES;
				CLANG_WARN_DIRECT_OBJC_ISA_USAGE = YES_ERROR;
				CLANG_WARN_EMPTY_BODY = YES;
				CLANG_WARN_ENUM_CONVERSION = YES;
				CLANG_WARN_INT_CONVERSION = YES;
				CLANG_WARN_OBJC_ROOT_CLASS = YES_ERROR;
				CLANG_WARN_UNREACHABLE_CODE = YES;
				CLANG_WARN__DUPLICATE_METHOD_MATCH = YES;
				"CODE_SIGN_IDENTITY[sdk=iphoneos*]" = "iPhone Developer";
				COPY_PHASE_STRIP = NO;
				DEBUG_INFORMATION_FORMAT = dwarf;
				ENABLE_STRICT_OBJC_MSGSEND = YES;
				ENABLE_TESTABILITY = YES;
				GCC_C_LANGUAGE_STANDARD = gnu99;
				GCC_DYNAMIC_NO_PIC = NO;
				GCC_NO_COMMON_BLOCKS = YES;
				GCC_OPTIMIZATION_LEVEL = 0;
				GCC_PREPROCESSOR_DEFINITIONS = (
					"DEBUG=1",
					"$(inherited)",
				);
				GCC_WARN_64_TO_32_BIT_CONVERSION = YES;
				GCC_WARN_ABOUT_RETURN_TYPE = YES_ERROR;
				GCC_WARN_UNDECLARED_SELECTOR = YES;
				GCC_WARN_UNINITIALIZED_AUTOS = YES_AGGRESSIVE;
				GCC_WARN_UNUSED_FUNCTION = YES;
				GCC_WARN_UNUSED_VARIABLE = YES;
				IPHONEOS_DEPLOYMENT_TARGET = 9.3;
				MTL_ENABLE_DEBUG_INFO = YES;
				ONLY_ACTIVE_ARCH = YES;
				SDKROOT = iphoneos;
				SWIFT_OPTIMIZATION_LEVEL = "-Onone";
			};
			name = Debug;
		};
		CD7DCDC31CA2265F00284897 /* Release */ = {
			isa = XCBuildConfiguration;
			buildSettings = {
				ALWAYS_SEARCH_USER_PATHS = NO;
				CLANG_ANALYZER_NONNULL = YES;
				CLANG_CXX_LANGUAGE_STANDARD = "gnu++0x";
				CLANG_CXX_LIBRARY = "libc++";
				CLANG_ENABLE_MODULES = YES;
				CLANG_ENABLE_OBJC_ARC = YES;
				CLANG_WARN_BOOL_CONVERSION = YES;
				CLANG_WARN_CONSTANT_CONVERSION = YES;
				CLANG_WARN_DIRECT_OBJC_ISA_USAGE = YES_ERROR;
				CLANG_WARN_EMPTY_BODY = YES;
				CLANG_WARN_ENUM_CONVERSION = YES;
				CLANG_WARN_INT_CONVERSION = YES;
				CLANG_WARN_OBJC_ROOT_CLASS = YES_ERROR;
				CLANG_WARN_UNREACHABLE_CODE = YES;
				CLANG_WARN__DUPLICATE_METHOD_MATCH = YES;
				"CODE_SIGN_IDENTITY[sdk=iphoneos*]" = "iPhone Developer";
				COPY_PHASE_STRIP = NO;
				DEBUG_INFORMATION_FORMAT = "dwarf-with-dsym";
				ENABLE_NS_ASSERTIONS = NO;
				ENABLE_STRICT_OBJC_MSGSEND = YES;
				GCC_C_LANGUAGE_STANDARD = gnu99;
				GCC_NO_COMMON_BLOCKS = YES;
				GCC_WARN_64_TO_32_BIT_CONVERSION = YES;
				GCC_WARN_ABOUT_RETURN_TYPE = YES_ERROR;
				GCC_WARN_UNDECLARED_SELECTOR = YES;
				GCC_WARN_UNINITIALIZED_AUTOS = YES_AGGRESSIVE;
				GCC_WARN_UNUSED_FUNCTION = YES;
				GCC_WARN_UNUSED_VARIABLE = YES;
				IPHONEOS_DEPLOYMENT_TARGET = 9.3;
				MTL_ENABLE_DEBUG_INFO = NO;
				SDKROOT = iphoneos;
				VALIDATE_PRODUCT = YES;
			};
			name = Release;
		};
		CD7DCDC51CA2265F00284897 /* Debug */ = {
			isa = XCBuildConfiguration;
			buildSettings = {
				ASSETCATALOG_COMPILER_APPICON_NAME = AppIcon;
				INFOPLIST_FILE = NoteApp/Info.plist;
				LD_RUNPATH_SEARCH_PATHS = "$(inherited) @executable_path/Frameworks";
				PRODUCT_BUNDLE_IDENTIFIER = seminar.sample.NoteApp;
				PRODUCT_NAME = "$(TARGET_NAME)";
			};
			name = Debug;
		};
		CD7DCDC61CA2265F00284897 /* Release */ = {
			isa = XCBuildConfiguration;
			buildSettings = {
				ASSETCATALOG_COMPILER_APPICON_NAME = AppIcon;
				INFOPLIST_FILE = NoteApp/Info.plist;
				LD_RUNPATH_SEARCH_PATHS = "$(inherited) @executable_path/Frameworks";
				PRODUCT_BUNDLE_IDENTIFIER = seminar.sample.NoteApp;
				PRODUCT_NAME = "$(TARGET_NAME)";
			};
			name = Release;
		};
/* End XCBuildConfiguration section */

/* Begin XCConfigurationList section */
		CD7DCDAD1CA2265F00284897 /* Build configuration list for PBXProject "NoteApp" */ = {
			isa = XCConfigurationList;
			buildConfigurations = (
				CD7DCDC21CA2265F00284897 /* Debug */,
				CD7DCDC31CA2265F00284897 /* Release */,
			);
			defaultConfigurationIsVisible = 0;
			defaultConfigurationName = Release;
		};
		CD7DCDC41CA2265F00284897 /* Build configuration list for PBXNativeTarget "NoteApp" */ = {
			isa = XCConfigurationList;
			buildConfigurations = (
				CD7DCDC51CA2265F00284897 /* Debug */,
				CD7DCDC61CA2265F00284897 /* Release */,
			);
			defaultConfigurationIsVisible = 0;
		};
/* End XCConfigurationList section */
	};
	rootObject = CD7DCDAA1CA2265F00284897 /* Project object */;
}
